
Microsoft Visual Studio Solution File, Format Version 12.00
# Visual Studio Version 17
VisualStudioVersion = 17.14.36705.20
MinimumVisualStudioVersion = 10.0.40219.1
Project("{FAE04EC0-301F-11D3-BF4B-00C04F79EFBC}") = "PracticalParallelization", "MB05\Samples\PracticalParallelization\PracticalParallelization.csproj", "{8C0B206D-D184-4334-AD09-528D6C3F1033}"
EndProject
Project("{2150E333-8FDC-42A3-9474-1A3956D46DE8}") = "Samples", "Samples", "{02EA681E-C7D8-13C7-8484-4AC65E1B71E8}"
EndProject
Global
	GlobalSection(SolutionConfigurationPlatforms) = preSolution
		Debug|Any CPU = Debug|Any CPU
		Release|Any CPU = Release|Any CPU
	EndGlobalSection
	GlobalSection(ProjectConfigurationPlatforms) = postSolution
		{8C0B206D-D184-4334-AD09-528D6C3F1033}.Debug|Any CPU.ActiveCfg = Debug|Any CPU
		{8C0B206D-D184-4334-AD09-528D6C3F1033}.Debug|Any CPU.Build.0 = Debug|Any CPU
		{8C0B206D-D184-4334-AD09-528D6C3F1033}.Release|Any CPU.ActiveCfg = Release|Any CPU
		{8C0B206D-D184-4334-AD09-528D6C3F1033}.Release|Any CPU.Build.0 = Release|Any CPU
	EndGlobalSection
	GlobalSection(SolutionProperties) = preSolution
		HideSolutionNode = FALSE
	EndGlobalSection
	GlobalSection(NestedProjects) = preSolution
		{8C0B206D-D184-4334-AD09-528D6C3F1033} = {02EA681E-C7D8-13C7-8484-4AC65E1B71E8}
	EndGlobalSection
	GlobalSection(ExtensibilityGlobals) = postSolution
		SolutionGuid = {E006583F-B593-44B2-9044-4C538F2CBDF6}
	EndGlobalSection
EndGlobal
