
Microsoft Visual Studio Solution File, Format Version 12.00
# Visual Studio Version 17
VisualStudioVersion = 17.14.36930.0
MinimumVisualStudioVersion = 10.0.40219.1
Project("{2150E333-8FDC-42A3-9474-1A3956D46DE8}") = "Samples", "Samples", "{02EA681E-C7D8-13C7-8484-4AC65E1B71E8}"
EndProject
Project("{FAE04EC0-301F-11D3-BF4B-00C04F79EFBC}") = "UserDefinedAggregateDemo", "MB11\Samples\UserDefinedAggregateDemo\UserDefinedAggregateDemo.csproj", "{C5D2F893-325A-4AEB-90ED-B94D7B1C085F}"
EndProject
Project("{2150E333-8FDC-42A3-9474-1A3956D46DE8}") = "Exercises", "Exercises", "{23446F1B-E27C-4E7A-845B-2D437A6C2443}"
EndProject
Project("{FAE04EC0-301F-11D3-BF4B-00C04F79EFBC}") = "UserDefinedAggregateExercise", "MB11\Exercises\UserDefinedAggregateExercise\UserDefinedAggregateExercise.csproj", "{7A6EDE90-D71E-493E-A399-A53CC2C266EC}"
EndProject
Global
	GlobalSection(SolutionConfigurationPlatforms) = preSolution
		Debug|Any CPU = Debug|Any CPU
		Release|Any CPU = Release|Any CPU
	EndGlobalSection
	GlobalSection(ProjectConfigurationPlatforms) = postSolution
		{C5D2F893-325A-4AEB-90ED-B94D7B1C085F}.Debug|Any CPU.ActiveCfg = Debug|Any CPU
		{C5D2F893-325A-4AEB-90ED-B94D7B1C085F}.Debug|Any CPU.Build.0 = Debug|Any CPU
		{C5D2F893-325A-4AEB-90ED-B94D7B1C085F}.Release|Any CPU.ActiveCfg = Release|Any CPU
		{C5D2F893-325A-4AEB-90ED-B94D7B1C085F}.Release|Any CPU.Build.0 = Release|Any CPU
		{7A6EDE90-D71E-493E-A399-A53CC2C266EC}.Debug|Any CPU.ActiveCfg = Debug|Any CPU
		{7A6EDE90-D71E-493E-A399-A53CC2C266EC}.Debug|Any CPU.Build.0 = Debug|Any CPU
		{7A6EDE90-D71E-493E-A399-A53CC2C266EC}.Release|Any CPU.ActiveCfg = Release|Any CPU
		{7A6EDE90-D71E-493E-A399-A53CC2C266EC}.Release|Any CPU.Build.0 = Release|Any CPU
	EndGlobalSection
	GlobalSection(SolutionProperties) = preSolution
		HideSolutionNode = FALSE
	EndGlobalSection
	GlobalSection(NestedProjects) = preSolution
		{C5D2F893-325A-4AEB-90ED-B94D7B1C085F} = {02EA681E-C7D8-13C7-8484-4AC65E1B71E8}
		{7A6EDE90-D71E-493E-A399-A53CC2C266EC} = {23446F1B-E27C-4E7A-845B-2D437A6C2443}
	EndGlobalSection
	GlobalSection(ExtensibilityGlobals) = postSolution
		SolutionGuid = {B89DD1E7-F3DD-400E-B958-2154D2DCCDBB}
	EndGlobalSection
EndGlobal
